# This file is autogenerated, do not edit; changes may be undone by the next 'dep ensure'.


[[projects]]
  digest = "1:6d8a3b164679872fa5a4c44559235f7fb109c7b5cd0f456a2159d579b76cc9ba"
  name = "github.com/DataDog/zstd"
  packages = ["."]
  pruneopts = "UT"
  revision = "809b919c325d7887bff7bd876162af73db53e878"
  version = "v1.4.0"

[[projects]]
  digest = "1:2ec153af6a806c3d63d4299f2549bcb29d75d9703097341be309a46db3481488"
  name = "github.com/Shopify/sarama"
  packages = ["."]
  pruneopts = "UT"
  revision = "ea9ab1c316850bee881a07bb2555ee8a685cd4b6"
  version = "v1.22.1"

[[projects]]
  digest = "1:526d64d0a3ac6c24875724a9355895be56a21f89a5d3ab5ba88d91244269a7d8"
  name = "github.com/bsm/sarama-cluster"
  packages = ["."]
  pruneopts = "UT"
  revision = "c618e605e15c0d7535f6c96ff8efbb0dba4fd66c"
  version = "v2.1.15"

[[projects]]
  digest = "1:ffe9824d294da03b391f44e1ae8281281b4afc1bdaa9588c9097785e3af10cec"
  name = "github.com/davecgh/go-spew"
  packages = ["spew"]
  pruneopts = "UT"
  revision = "8991bc29aa16c548c550c7ff78260e27b9ab7c73"
  version = "v1.1.1"

[[projects]]
  digest = "1:1f0c7ab489b407a7f8f9ad16c25a504d28ab461517a971d341388a56156c1bd7"
  name = "github.com/eapache/go-resiliency"
  packages = ["breaker"]
  pruneopts = "UT"
  revision = "ea41b0fad31007accc7f806884dcdf3da98b79ce"
  version = "v1.1.0"

[[projects]]
  branch = "master"
  digest = "1:79f16588b5576b1b3cd90e48d2374cc9a1a8776862d28d8fd0f23b0e15534967"
  name = "github.com/eapache/go-xerial-snappy"
  packages = ["."]
  pruneopts = "UT"
  revision = "776d5712da21bc4762676d614db1d8a64f4238b0"

[[projects]]
  digest = "1:444b82bfe35c83bbcaf84e310fb81a1f9ece03edfed586483c869e2c046aef69"
  name = "github.com/eapache/queue"
  packages = ["."]
  pruneopts = "UT"
  revision = "44cc805cf13205b55f69e14bcb69867d1ae92f98"
  version = "v1.1.0"

[[projects]]
  digest = "1:239c4c7fd2159585454003d9be7207167970194216193a8a210b8d29576f19c9"
  name = "github.com/golang/protobuf"
  packages = [
    "proto",
    "ptypes",
    "ptypes/any",
    "ptypes/duration",
    "ptypes/timestamp",
  ]
  pruneopts = "UT"
  revision = "b5d812f8a3706043e23a9cd5babf2e5423744d30"
  version = "v1.3.1"

[[projects]]
  digest = "1:e4f5819333ac698d294fe04dbf640f84719658d5c7ce195b10060cc37292ce79"
  name = "github.com/golang/snappy"
  packages = ["."]
  pruneopts = "UT"
  revision = "2a8bb927dd31d8daada140a5d09578521ce5c36a"
  version = "v0.0.1"

[[projects]]
  branch = "master"
  digest = "1:8a82e4b519fb94b83923e0a6fae6aced276c887781b94b6a00c90b3dad240ba1"
  name = "github.com/mailru/easyjson"
  packages = [
    ".",
    "buffer",
    "jlexer",
    "jwriter",
  ]
  pruneopts = "UT"
  revision = "1ea4449da9834f4d333f1cc461c374aea217d249"

[[projects]]
  digest = "1:259f9b7645983a7a823318d78aa96dec68af8891f706493ac1ec04d819cb977c"
  name = "github.com/pierrec/lz4"
  packages = [
    ".",
    "internal/xxh32",
  ]
  pruneopts = "UT"
  revision = "d705d4371bfccdf47f10e45584e896026c83616f"
  version = "v2.2.3"

[[projects]]
  branch = "master"
  digest = "1:d38f81081a389f1466ec98192cf9115a82158854d6f01e1c23e2e7554b97db71"
  name = "github.com/rcrowley/go-metrics"
  packages = ["."]
  pruneopts = "UT"
  revision = "3113b8401b8a98917cde58f8bbd42a1b1c03b1fd"

[[projects]]
  branch = "master"
  digest = "1:e789101620aaabaf8edce2bdbb8941a35dcd9db327fbd302dad3543b3e8cc556"
  name = "github.com/subiz/errors"
  packages = ["."]
  pruneopts = "UT"
  revision = "3e282403882f31bf9c5982c540d075c5ef41efba"

[[projects]]
  branch = "master"
  digest = "1:1f7e76793c0c360ceb96681704103da037b0d347454525b374bb085397fe005d"
  name = "github.com/subiz/executor"
  packages = ["."]
  pruneopts = "UT"
  revision = "7076b7bf720fbb6e56216525f3d5ad834f6d5d28"

[[projects]]
  branch = "master"
  digest = "1:aec65c5fae7df719001b5325bbfa3ef835531674effcc67784814cc1fc15031d"
  name = "github.com/subiz/goutils"
  packages = [
    "clock",
    "grpc",
    "log",
    "map",
  ]
  pruneopts = "UT"
  revision = "8457a7a52d45cf57f6482a32468052af4c72c590"

[[projects]]
  branch = "master"
  digest = "1:f8231140a2d58a3f871c13855d617d6a255df375f49661f2f804773ee496bdc3"
  name = "github.com/subiz/header"
  packages = [
    ".",
    "account",
    "api",
    "auth",
    "avatar",
    "client",
    "common",
    "content",
    "conversation",
    "deal",
    "email",
    "event",
    "file",
    "kafpc",
    "kv",
    "logan",
    "noti5",
    "notibox",
    "payment",
    "placeholder",
    "pubsub",
    "user",
    "webhook4",
    "widget",
  ]
  pruneopts = "UT"
  revision = "eb89cba23b40a94581c0308dca521dc5395cdff2"

[[projects]]
  branch = "master"
  digest = "1:9fddaaed512411050ca863c3866421301d2cd19c13ccd52ce88e4b852b65d35c"
  name = "github.com/subiz/idgen"
  packages = ["."]
  pruneopts = "UT"
  revision = "c8a694b39a68cafeb8dedea9316de8b99a0d5dd3"

[[projects]]
  branch = "master"
  digest = "1:f3100df7014a62c9f00cb17596291d372f63f4c310461571c0b82c56225824b8"
  name = "github.com/subiz/kafka"
  packages = ["."]
  pruneopts = "UT"
  revision = "3a274fa7eb6c2455ac611e10d4e71548c5d5f819"

[[projects]]
  branch = "master"
  digest = "1:d40f1445a44af8bcc18f2c494edb3dd68935941a6392a0aa1218bd08b9630116"
  name = "github.com/subiz/squasher"
  packages = ["."]
  pruneopts = "UT"
  revision = "cd2369591cd398dab1f23ee9f2c05de00c88b36f"

[[projects]]
  branch = "master"
  digest = "1:7b413a2b26c0341da30823da44401d0a1853a2942bf71ef22a3741614c179a49"
  name = "golang.org/x/net"
  packages = [
    "context",
    "http/httpguts",
    "http2",
    "http2/hpack",
    "idna",
    "internal/socks",
    "internal/timeseries",
    "proxy",
    "trace",
  ]
  pruneopts = "UT"
  revision = "a4d6f7feada510cc50e69a37b484cb0fdc6b7876"

[[projects]]
  branch = "master"
  digest = "1:4fc43e824f7e546353de724c00507b1d9c0bab56344b10c2330a97f166a0fba7"
  name = "golang.org/x/sys"
  packages = ["unix"]
  pruneopts = "UT"
  revision = "a5b02f93d862f065920dd6a40dddc66b60d0dec4"

[[projects]]
  digest = "1:8d8faad6b12a3a4c819a3f9618cb6ee1fa1cfc33253abeeea8b55336721e3405"
  name = "golang.org/x/text"
  packages = [
    "collate",
    "collate/build",
    "internal/colltab",
    "internal/gen",
    "internal/language",
    "internal/language/compact",
    "internal/tag",
    "internal/triegen",
    "internal/ucd",
    "language",
    "secure/bidirule",
    "transform",
    "unicode/bidi",
    "unicode/cldr",
    "unicode/norm",
    "unicode/rangetable",
  ]
  pruneopts = "UT"
  revision = "342b2e1fbaa52c93f31447ad2c6abc048c63e475"
  version = "v0.3.2"

[[projects]]
  branch = "master"
  digest = "1:fc5df4cb84cdf639ef702c176a50a9ee08ea3e68ebd67519c0f4f963c7d82978"
  name = "google.golang.org/genproto"
  packages = ["googleapis/rpc/status"]
  pruneopts = "UT"
  revision = "b515fa19cec88c32f305a962f34ae60068947aea"

[[projects]]
  digest = "1:707c3a5d10ed430ea767d73df122d9eb3dfb6312bbacc9f2e39204390686d1d0"
  name = "google.golang.org/grpc"
  packages = [
    ".",
    "balancer",
    "balancer/base",
    "balancer/roundrobin",
    "binarylog/grpc_binarylog_v1",
    "codes",
    "connectivity",
    "credentials",
    "credentials/internal",
    "encoding",
    "encoding/proto",
    "grpclog",
    "internal",
    "internal/backoff",
    "internal/balancerload",
    "internal/binarylog",
    "internal/channelz",
    "internal/envconfig",
    "internal/grpcrand",
    "internal/grpcsync",
    "internal/syscall",
    "internal/transport",
    "keepalive",
    "metadata",
    "naming",
    "peer",
    "resolver",
    "resolver/dns",
    "resolver/passthrough",
    "stats",
    "status",
    "tap",
  ]
  pruneopts = "UT"
  revision = "25c4f928eaa6d96443009bd842389fb4fa48664e"
  version = "v1.20.1"

[solve-meta]
  analyzer-name = "dep"
  analyzer-version = 1
  input-imports = [
    "github.com/Shopify/sarama",
    "github.com/bsm/sarama-cluster",
    "github.com/golang/protobuf/proto",
    "github.com/subiz/errors",
    "github.com/subiz/executor",
    "github.com/subiz/goutils/clock",
    "github.com/subiz/goutils/grpc",
    "github.com/subiz/goutils/log",
    "github.com/subiz/goutils/map",
    "github.com/subiz/header",
    "github.com/subiz/header/kafpc",
    "github.com/subiz/idgen",
    "github.com/subiz/kafka",
    "github.com/subiz/squasher",
    "google.golang.org/grpc",
  ]
  solver-name = "gps-cdcl"
  solver-version = 1
